
Microsoft Visual Studio Solution File, Format Version 12.00
# Visual Studio Version 17
VisualStudioVersion = 17.9.34723.18
MinimumVisualStudioVersion = 10.0.40219.1
Project("{FAE04EC0-301F-11D3-BF4B-00C04F79EFBC}") = "Task2", "Task2\Task2.csproj", "{071BFDDC-4F88-47BA-B823-F5127342918E}"
EndProject
Global
	GlobalSection(SolutionConfigurationPlatforms) = preSolution
		Debug|Any CPU = Debug|Any CPU
		Release|Any CPU = Release|Any CPU
	EndGlobalSection
	GlobalSection(ProjectConfigurationPlatforms) = postSolution
		{071BFDDC-4F88-47BA-B823-F5127342918E}.Debug|Any CPU.ActiveCfg = Debug|Any CPU
		{071BFDDC-4F88-47BA-B823-F5127342918E}.Debug|Any CPU.Build.0 = Debug|Any CPU
		{071BFDDC-4F88-47BA-B823-F5127342918E}.Release|Any CPU.ActiveCfg = Release|Any CPU
		{071BFDDC-4F88-47BA-B823-F5127342918E}.Release|Any CPU.Build.0 = Release|Any CPU
	EndGlobalSection
	GlobalSection(SolutionProperties) = preSolution
		HideSolutionNode = FALSE
	EndGlobalSection
	GlobalSection(ExtensibilityGlobals) = postSolution
		SolutionGuid = {07FCA310-F699-422A-A31E-95D92A94484C}
	EndGlobalSection
EndGlobal
